
Microsoft Visual Studio Solution File, Format Version 12.00
# Visual Studio Version 16
VisualStudioVersion = 16.0.810.22
MinimumVisualStudioVersion = 10.0.40219.1
Project("{FAE04EC0-301F-11D3-BF4B-00C04F79EFBC}") = "StaticExercise", "StaticExercise\StaticExercise.csproj", "{6B1F3FBC-8B1E-43CE-A694-885C93D73D54}"
EndProject
Global
	GlobalSection(SolutionConfigurationPlatforms) = preSolution
		Debug|Any CPU = Debug|Any CPU
		Release|Any CPU = Release|Any CPU
	EndGlobalSection
	GlobalSection(ProjectConfigurationPlatforms) = postSolution
		{6B1F3FBC-8B1E-43CE-A694-885C93D73D54}.Debug|Any CPU.ActiveCfg = Debug|Any CPU
		{6B1F3FBC-8B1E-43CE-A694-885C93D73D54}.Debug|Any CPU.Build.0 = Debug|Any CPU
		{6B1F3FBC-8B1E-43CE-A694-885C93D73D54}.Release|Any CPU.ActiveCfg = Release|Any CPU
		{6B1F3FBC-8B1E-43CE-A694-885C93D73D54}.Release|Any CPU.Build.0 = Release|Any CPU
	EndGlobalSection
	GlobalSection(SolutionProperties) = preSolution
		HideSolutionNode = FALSE
	EndGlobalSection
	GlobalSection(ExtensibilityGlobals) = postSolution
		SolutionGuid = {98B2F80F-E249-43E1-8CA2-53EA82D3843D}
	EndGlobalSection
EndGlobal
